
Microsoft Visual Studio Solution File, Format Version 12.00
# Visual Studio Version 17
VisualStudioVersion = 17.13.35931.197
MinimumVisualStudioVersion = 10.0.40219.1
Project("{FAE04EC0-301F-11D3-BF4B-00C04F79EFBC}") = "GestionLogisticaBackend", "Backend\GestionLogisticaBackend.csproj", "{D838D8AD-5BA1-8B65-FCD8-E4E7DCC2088F}"
EndProject
Global
	GlobalSection(SolutionConfigurationPlatforms) = preSolution
		Debug|Any CPU = Debug|Any CPU
		Release|Any CPU = Release|Any CPU
	EndGlobalSection
	GlobalSection(ProjectConfigurationPlatforms) = postSolution
		{D838D8AD-5BA1-8B65-FCD8-E4E7DCC2088F}.Debug|Any CPU.ActiveCfg = Debug|Any CPU
		{D838D8AD-5BA1-8B65-FCD8-E4E7DCC2088F}.Debug|Any CPU.Build.0 = Debug|Any CPU
		{D838D8AD-5BA1-8B65-FCD8-E4E7DCC2088F}.Release|Any CPU.ActiveCfg = Release|Any CPU
		{D838D8AD-5BA1-8B65-FCD8-E4E7DCC2088F}.Release|Any CPU.Build.0 = Release|Any CPU
	EndGlobalSection
	GlobalSection(SolutionProperties) = preSolution
		HideSolutionNode = FALSE
	EndGlobalSection
	GlobalSection(ExtensibilityGlobals) = postSolution
		SolutionGuid = {06CFF92C-226D-44D1-97B0-C926321CADAB}
	EndGlobalSection
EndGlobal
